
Microsoft Visual Studio Solution File, Format Version 12.00
# Visual Studio Version 17
VisualStudioVersion = 17.10.35027.167
MinimumVisualStudioVersion = 10.0.40219.1
Project("{9A19103F-16F7-4668-BE54-9A1E7A4F7556}") = "ApplicationTracker", "ApplicationTracker\ApplicationTracker.csproj", "{8D4E3693-E71C-474C-8537-5AADF00C55F0}"
EndProject
Project("{FAE04EC0-301F-11D3-BF4B-00C04F79EFBC}") = "ApplicationTracker.ImportCli", "ApplicationTracker.ImportCli\ApplicationTracker.ImportCli.csproj", "{460B9536-B5FE-4867-96F2-3042772B278A}"
EndProject
Project("{FAE04EC0-301F-11D3-BF4B-00C04F79EFBC}") = "ApplicationTracker.Data", "ApplicationTracker.Data\ApplicationTracker.Data.csproj", "{5D0954D9-A686-47EB-8BDA-6A421B914DDA}"
EndProject
Project("{FAE04EC0-301F-11D3-BF4B-00C04F79EFBC}") = "ApplicationTracker.Services", "ApplicationTracker.Services\ApplicationTracker.Services.csproj", "{06D567F1-A672-4693-9C5D-C5F811CDBEC6}"
EndProject
Project("{2150E333-8FDC-42A3-9474-1A3956D46DE8}") = "UnitTests", "UnitTests", "{7C450318-E211-459C-AA25-6EBBD2A06DC4}"
EndProject
Project("{FAE04EC0-301F-11D3-BF4B-00C04F79EFBC}") = "ApplicationTracker.ImportCli.Test", "UnitTests\ApplicationTracker.ImportCli.Test\ApplicationTracker.ImportCli.Test.csproj", "{7C19EADA-0706-44E6-B07A-2DF6FC5C3D7A}"
EndProject
Project("{FAE04EC0-301F-11D3-BF4B-00C04F79EFBC}") = "ApplicationTracker.Services.Tests", "UnitTests\ApplicationTracker.Services.Tests\ApplicationTracker.Services.Tests.csproj", "{56A21513-6BA9-4081-B6DE-0010F1F64DB7}"
EndProject
Project("{FAE04EC0-301F-11D3-BF4B-00C04F79EFBC}") = "ApplicationTracker.Tests", "UnitTests\ApplicationTracker.Tests\ApplicationTracker.Tests.csproj", "{06A602D6-C176-4EEE-A39F-5F524D107C13}"
EndProject
Project("{FAE04EC0-301F-11D3-BF4B-00C04F79EFBC}") = "ApplicationTracker.TestUtilities", "UnitTests\ApplicationTracker.TestUtilities\ApplicationTracker.TestUtilities.csproj", "{087F3930-F593-4FA4-97F0-F8DB27A161A5}"
EndProject
Global
	GlobalSection(SolutionConfigurationPlatforms) = preSolution
		Debug|Any CPU = Debug|Any CPU
		Release|Any CPU = Release|Any CPU
	EndGlobalSection
	GlobalSection(ProjectConfigurationPlatforms) = postSolution
		{8D4E3693-E71C-474C-8537-5AADF00C55F0}.Debug|Any CPU.ActiveCfg = Debug|Any CPU
		{8D4E3693-E71C-474C-8537-5AADF00C55F0}.Debug|Any CPU.Build.0 = Debug|Any CPU
		{8D4E3693-E71C-474C-8537-5AADF00C55F0}.Release|Any CPU.ActiveCfg = Release|Any CPU
		{8D4E3693-E71C-474C-8537-5AADF00C55F0}.Release|Any CPU.Build.0 = Release|Any CPU
		{460B9536-B5FE-4867-96F2-3042772B278A}.Debug|Any CPU.ActiveCfg = Debug|Any CPU
		{460B9536-B5FE-4867-96F2-3042772B278A}.Debug|Any CPU.Build.0 = Debug|Any CPU
		{460B9536-B5FE-4867-96F2-3042772B278A}.Release|Any CPU.ActiveCfg = Release|Any CPU
		{460B9536-B5FE-4867-96F2-3042772B278A}.Release|Any CPU.Build.0 = Release|Any CPU
		{5D0954D9-A686-47EB-8BDA-6A421B914DDA}.Debug|Any CPU.ActiveCfg = Debug|Any CPU
		{5D0954D9-A686-47EB-8BDA-6A421B914DDA}.Debug|Any CPU.Build.0 = Debug|Any CPU
		{5D0954D9-A686-47EB-8BDA-6A421B914DDA}.Release|Any CPU.ActiveCfg = Release|Any CPU
		{5D0954D9-A686-47EB-8BDA-6A421B914DDA}.Release|Any CPU.Build.0 = Release|Any CPU
		{06D567F1-A672-4693-9C5D-C5F811CDBEC6}.Debug|Any CPU.ActiveCfg = Debug|Any CPU
		{06D567F1-A672-4693-9C5D-C5F811CDBEC6}.Debug|Any CPU.Build.0 = Debug|Any CPU
		{06D567F1-A672-4693-9C5D-C5F811CDBEC6}.Release|Any CPU.ActiveCfg = Release|Any CPU
		{06D567F1-A672-4693-9C5D-C5F811CDBEC6}.Release|Any CPU.Build.0 = Release|Any CPU
		{7C19EADA-0706-44E6-B07A-2DF6FC5C3D7A}.Debug|Any CPU.ActiveCfg = Debug|Any CPU
		{7C19EADA-0706-44E6-B07A-2DF6FC5C3D7A}.Debug|Any CPU.Build.0 = Debug|Any CPU
		{7C19EADA-0706-44E6-B07A-2DF6FC5C3D7A}.Release|Any CPU.ActiveCfg = Release|Any CPU
		{7C19EADA-0706-44E6-B07A-2DF6FC5C3D7A}.Release|Any CPU.Build.0 = Release|Any CPU
		{56A21513-6BA9-4081-B6DE-0010F1F64DB7}.Debug|Any CPU.ActiveCfg = Debug|Any CPU
		{56A21513-6BA9-4081-B6DE-0010F1F64DB7}.Debug|Any CPU.Build.0 = Debug|Any CPU
		{56A21513-6BA9-4081-B6DE-0010F1F64DB7}.Release|Any CPU.ActiveCfg = Release|Any CPU
		{56A21513-6BA9-4081-B6DE-0010F1F64DB7}.Release|Any CPU.Build.0 = Release|Any CPU
		{06A602D6-C176-4EEE-A39F-5F524D107C13}.Debug|Any CPU.ActiveCfg = Debug|Any CPU
		{06A602D6-C176-4EEE-A39F-5F524D107C13}.Debug|Any CPU.Build.0 = Debug|Any CPU
		{06A602D6-C176-4EEE-A39F-5F524D107C13}.Release|Any CPU.ActiveCfg = Release|Any CPU
		{06A602D6-C176-4EEE-A39F-5F524D107C13}.Release|Any CPU.Build.0 = Release|Any CPU
		{087F3930-F593-4FA4-97F0-F8DB27A161A5}.Debug|Any CPU.ActiveCfg = Debug|Any CPU
		{087F3930-F593-4FA4-97F0-F8DB27A161A5}.Debug|Any CPU.Build.0 = Debug|Any CPU
		{087F3930-F593-4FA4-97F0-F8DB27A161A5}.Release|Any CPU.ActiveCfg = Release|Any CPU
		{087F3930-F593-4FA4-97F0-F8DB27A161A5}.Release|Any CPU.Build.0 = Release|Any CPU
	EndGlobalSection
	GlobalSection(SolutionProperties) = preSolution
		HideSolutionNode = FALSE
	EndGlobalSection
	GlobalSection(NestedProjects) = preSolution
		{7C19EADA-0706-44E6-B07A-2DF6FC5C3D7A} = {7C450318-E211-459C-AA25-6EBBD2A06DC4}
		{56A21513-6BA9-4081-B6DE-0010F1F64DB7} = {7C450318-E211-459C-AA25-6EBBD2A06DC4}
		{06A602D6-C176-4EEE-A39F-5F524D107C13} = {7C450318-E211-459C-AA25-6EBBD2A06DC4}
		{087F3930-F593-4FA4-97F0-F8DB27A161A5} = {7C450318-E211-459C-AA25-6EBBD2A06DC4}
	EndGlobalSection
	GlobalSection(ExtensibilityGlobals) = postSolution
		SolutionGuid = {C0176896-8110-4818-8177-C0FCA586680D}
	EndGlobalSection
EndGlobal
